
Microsoft Visual Studio Solution File, Format Version 12.00
# Visual Studio 15
VisualStudioVersion = 15.0.27703.2042
MinimumVisualStudioVersion = 10.0.40219.1
Project("{9A19103F-16F7-4668-BE54-9A1E7A4F7556}") = "TheHiProgram", "TheHiProgram\TheHiProgram.csproj", "{139B261D-942E-4ED0-8A27-57A1F07A0C4F}"
EndProject
Project("{9A19103F-16F7-4668-BE54-9A1E7A4F7556}") = "AgeAfter10Years", "AgeAfter10Years\AgeAfter10Years.csproj", "{FBA3BF62-96E4-4850-B7C8-4D00E56264A3}"
EndProject
Project("{2150E333-8FDC-42A3-9474-1A3956D46DE8}") = "week2", "week2", "{FEF1D7BC-731D-4C4B-90C4-79521112A154}"
EndProject
Project("{9A19103F-16F7-4668-BE54-9A1E7A4F7556}") = "Travel2TheSunWithSound", "Travel2TheSunWithSound\Travel2TheSunWithSound.csproj", "{B02E54E9-ED55-41AC-82BD-AADF203A1FDE}"
EndProject
Project("{9A19103F-16F7-4668-BE54-9A1E7A4F7556}") = "MyUniqueNumber", "MyUniqueNumber\MyUniqueNumber.csproj", "{2979CF6B-15D8-4051-8AE9-73FAEC4E652A}"
EndProject
Project("{9A19103F-16F7-4668-BE54-9A1E7A4F7556}") = "4thDigits", "4thDigits\4thDigits.csproj", "{FE9DAD90-C0CA-4BDF-B429-3164EE091E63}"
EndProject
Project("{9A19103F-16F7-4668-BE54-9A1E7A4F7556}") = "WeightInTheSolarSystem", "WeightInTheSolarSystem\WeightInTheSolarSystem.csproj", "{DBB04820-25DD-43EE-8959-7E9CC0E3C476}"
EndProject
Project("{9A19103F-16F7-4668-BE54-9A1E7A4F7556}") = "DistanceBetween2PointsInPlane", "DistanceBetween2PointsInPlane\DistanceBetween2PointsInPlane.csproj", "{054345BF-4291-404A-8852-1F8D3C7537D4}"
EndProject
Project("{2150E333-8FDC-42A3-9474-1A3956D46DE8}") = "week3", "week3", "{5901EB03-4804-44F0-9961-6ADF5773FF1D}"
EndProject
Project("{9A19103F-16F7-4668-BE54-9A1E7A4F7556}") = "BusTicketLuckyNumbers", "BusTicketLuckyNumbers\BusTicketLuckyNumbers.csproj", "{C5785AFE-948D-4851-83C2-4ABAFB6CB741}"
EndProject
Project("{9A19103F-16F7-4668-BE54-9A1E7A4F7556}") = "MiserPiggy", "MiserPiggy\MiserPiggy.csproj", "{373E6FFF-2129-41A6-A0A9-B772F1BAAB8D}"
EndProject
Project("{9A19103F-16F7-4668-BE54-9A1E7A4F7556}") = "SimpleDeckOfCards", "SimpleDeckOfCards\SimpleDeckOfCards.csproj", "{3D3EC864-C9F8-427B-BF74-6EE928F60FF0}"
EndProject
Project("{2150E333-8FDC-42A3-9474-1A3956D46DE8}") = "week6", "week6", "{E27CA571-ADBA-4233-9206-BC656D2690F5}"
EndProject
Project("{2150E333-8FDC-42A3-9474-1A3956D46DE8}") = "week1", "week1", "{8E2B49F2-A8A0-4411-BEE1-7F579BBC8B64}"
EndProject
Project("{9A19103F-16F7-4668-BE54-9A1E7A4F7556}") = "GetMax", "GetMaxx\GetMax.csproj", "{AB86E7E0-0963-4D30-9FAB-BCE35776A1BC}"
EndProject
Project("{9A19103F-16F7-4668-BE54-9A1E7A4F7556}") = "GeometryCalculator", "GeometryCalculator\GeometryCalculator.csproj", "{7FC52692-69C6-4B51-AFA2-A8798835D21D}"
EndProject
Project("{FAE04EC0-301F-11D3-BF4B-00C04F79EFBC}") = "StudentsCalculator", "StudentsCalculator\StudentsCalculator.csproj", "{2F8E22A9-A916-45E1-93C3-791FB5E81771}"
EndProject
Global
	GlobalSection(SolutionConfigurationPlatforms) = preSolution
		Debug|Any CPU = Debug|Any CPU
		Release|Any CPU = Release|Any CPU
	EndGlobalSection
	GlobalSection(ProjectConfigurationPlatforms) = postSolution
		{139B261D-942E-4ED0-8A27-57A1F07A0C4F}.Debug|Any CPU.ActiveCfg = Debug|Any CPU
		{139B261D-942E-4ED0-8A27-57A1F07A0C4F}.Debug|Any CPU.Build.0 = Debug|Any CPU
		{139B261D-942E-4ED0-8A27-57A1F07A0C4F}.Release|Any CPU.ActiveCfg = Release|Any CPU
		{139B261D-942E-4ED0-8A27-57A1F07A0C4F}.Release|Any CPU.Build.0 = Release|Any CPU
		{FBA3BF62-96E4-4850-B7C8-4D00E56264A3}.Debug|Any CPU.ActiveCfg = Debug|Any CPU
		{FBA3BF62-96E4-4850-B7C8-4D00E56264A3}.Debug|Any CPU.Build.0 = Debug|Any CPU
		{FBA3BF62-96E4-4850-B7C8-4D00E56264A3}.Release|Any CPU.ActiveCfg = Release|Any CPU
		{FBA3BF62-96E4-4850-B7C8-4D00E56264A3}.Release|Any CPU.Build.0 = Release|Any CPU
		{B02E54E9-ED55-41AC-82BD-AADF203A1FDE}.Debug|Any CPU.ActiveCfg = Debug|Any CPU
		{B02E54E9-ED55-41AC-82BD-AADF203A1FDE}.Debug|Any CPU.Build.0 = Debug|Any CPU
		{B02E54E9-ED55-41AC-82BD-AADF203A1FDE}.Release|Any CPU.ActiveCfg = Release|Any CPU
		{B02E54E9-ED55-41AC-82BD-AADF203A1FDE}.Release|Any CPU.Build.0 = Release|Any CPU
		{2979CF6B-15D8-4051-8AE9-73FAEC4E652A}.Debug|Any CPU.ActiveCfg = Debug|Any CPU
		{2979CF6B-15D8-4051-8AE9-73FAEC4E652A}.Debug|Any CPU.Build.0 = Debug|Any CPU
		{2979CF6B-15D8-4051-8AE9-73FAEC4E652A}.Release|Any CPU.ActiveCfg = Release|Any CPU
		{2979CF6B-15D8-4051-8AE9-73FAEC4E652A}.Release|Any CPU.Build.0 = Release|Any CPU
		{FE9DAD90-C0CA-4BDF-B429-3164EE091E63}.Debug|Any CPU.ActiveCfg = Debug|Any CPU
		{FE9DAD90-C0CA-4BDF-B429-3164EE091E63}.Debug|Any CPU.Build.0 = Debug|Any CPU
		{FE9DAD90-C0CA-4BDF-B429-3164EE091E63}.Release|Any CPU.ActiveCfg = Release|Any CPU
		{FE9DAD90-C0CA-4BDF-B429-3164EE091E63}.Release|Any CPU.Build.0 = Release|Any CPU
		{DBB04820-25DD-43EE-8959-7E9CC0E3C476}.Debug|Any CPU.ActiveCfg = Debug|Any CPU
		{DBB04820-25DD-43EE-8959-7E9CC0E3C476}.Debug|Any CPU.Build.0 = Debug|Any CPU
		{DBB04820-25DD-43EE-8959-7E9CC0E3C476}.Release|Any CPU.ActiveCfg = Release|Any CPU
		{DBB04820-25DD-43EE-8959-7E9CC0E3C476}.Release|Any CPU.Build.0 = Release|Any CPU
		{054345BF-4291-404A-8852-1F8D3C7537D4}.Debug|Any CPU.ActiveCfg = Debug|Any CPU
		{054345BF-4291-404A-8852-1F8D3C7537D4}.Debug|Any CPU.Build.0 = Debug|Any CPU
		{054345BF-4291-404A-8852-1F8D3C7537D4}.Release|Any CPU.ActiveCfg = Release|Any CPU
		{054345BF-4291-404A-8852-1F8D3C7537D4}.Release|Any CPU.Build.0 = Release|Any CPU
		{C5785AFE-948D-4851-83C2-4ABAFB6CB741}.Debug|Any CPU.ActiveCfg = Debug|Any CPU
		{C5785AFE-948D-4851-83C2-4ABAFB6CB741}.Debug|Any CPU.Build.0 = Debug|Any CPU
		{C5785AFE-948D-4851-83C2-4ABAFB6CB741}.Release|Any CPU.ActiveCfg = Release|Any CPU
		{C5785AFE-948D-4851-83C2-4ABAFB6CB741}.Release|Any CPU.Build.0 = Release|Any CPU
		{373E6FFF-2129-41A6-A0A9-B772F1BAAB8D}.Debug|Any CPU.ActiveCfg = Debug|Any CPU
		{373E6FFF-2129-41A6-A0A9-B772F1BAAB8D}.Debug|Any CPU.Build.0 = Debug|Any CPU
		{373E6FFF-2129-41A6-A0A9-B772F1BAAB8D}.Release|Any CPU.ActiveCfg = Release|Any CPU
		{373E6FFF-2129-41A6-A0A9-B772F1BAAB8D}.Release|Any CPU.Build.0 = Release|Any CPU
		{3D3EC864-C9F8-427B-BF74-6EE928F60FF0}.Debug|Any CPU.ActiveCfg = Debug|Any CPU
		{3D3EC864-C9F8-427B-BF74-6EE928F60FF0}.Debug|Any CPU.Build.0 = Debug|Any CPU
		{3D3EC864-C9F8-427B-BF74-6EE928F60FF0}.Release|Any CPU.ActiveCfg = Release|Any CPU
		{3D3EC864-C9F8-427B-BF74-6EE928F60FF0}.Release|Any CPU.Build.0 = Release|Any CPU
		{AB86E7E0-0963-4D30-9FAB-BCE35776A1BC}.Debug|Any CPU.ActiveCfg = Debug|Any CPU
		{AB86E7E0-0963-4D30-9FAB-BCE35776A1BC}.Debug|Any CPU.Build.0 = Debug|Any CPU
		{AB86E7E0-0963-4D30-9FAB-BCE35776A1BC}.Release|Any CPU.ActiveCfg = Release|Any CPU
		{AB86E7E0-0963-4D30-9FAB-BCE35776A1BC}.Release|Any CPU.Build.0 = Release|Any CPU
		{7FC52692-69C6-4B51-AFA2-A8798835D21D}.Debug|Any CPU.ActiveCfg = Debug|Any CPU
		{7FC52692-69C6-4B51-AFA2-A8798835D21D}.Debug|Any CPU.Build.0 = Debug|Any CPU
		{7FC52692-69C6-4B51-AFA2-A8798835D21D}.Release|Any CPU.ActiveCfg = Release|Any CPU
		{7FC52692-69C6-4B51-AFA2-A8798835D21D}.Release|Any CPU.Build.0 = Release|Any CPU
		{2F8E22A9-A916-45E1-93C3-791FB5E81771}.Debug|Any CPU.ActiveCfg = Debug|Any CPU
		{2F8E22A9-A916-45E1-93C3-791FB5E81771}.Debug|Any CPU.Build.0 = Debug|Any CPU
		{2F8E22A9-A916-45E1-93C3-791FB5E81771}.Release|Any CPU.ActiveCfg = Release|Any CPU
		{2F8E22A9-A916-45E1-93C3-791FB5E81771}.Release|Any CPU.Build.0 = Release|Any CPU
	EndGlobalSection
	GlobalSection(SolutionProperties) = preSolution
		HideSolutionNode = FALSE
	EndGlobalSection
	GlobalSection(NestedProjects) = preSolution
		{139B261D-942E-4ED0-8A27-57A1F07A0C4F} = {8E2B49F2-A8A0-4411-BEE1-7F579BBC8B64}
		{FBA3BF62-96E4-4850-B7C8-4D00E56264A3} = {8E2B49F2-A8A0-4411-BEE1-7F579BBC8B64}
		{B02E54E9-ED55-41AC-82BD-AADF203A1FDE} = {FEF1D7BC-731D-4C4B-90C4-79521112A154}
		{2979CF6B-15D8-4051-8AE9-73FAEC4E652A} = {8E2B49F2-A8A0-4411-BEE1-7F579BBC8B64}
		{FE9DAD90-C0CA-4BDF-B429-3164EE091E63} = {FEF1D7BC-731D-4C4B-90C4-79521112A154}
		{DBB04820-25DD-43EE-8959-7E9CC0E3C476} = {FEF1D7BC-731D-4C4B-90C4-79521112A154}
		{054345BF-4291-404A-8852-1F8D3C7537D4} = {FEF1D7BC-731D-4C4B-90C4-79521112A154}
		{C5785AFE-948D-4851-83C2-4ABAFB6CB741} = {5901EB03-4804-44F0-9961-6ADF5773FF1D}
		{373E6FFF-2129-41A6-A0A9-B772F1BAAB8D} = {5901EB03-4804-44F0-9961-6ADF5773FF1D}
		{3D3EC864-C9F8-427B-BF74-6EE928F60FF0} = {5901EB03-4804-44F0-9961-6ADF5773FF1D}
		{AB86E7E0-0963-4D30-9FAB-BCE35776A1BC} = {E27CA571-ADBA-4233-9206-BC656D2690F5}
		{7FC52692-69C6-4B51-AFA2-A8798835D21D} = {E27CA571-ADBA-4233-9206-BC656D2690F5}
		{2F8E22A9-A916-45E1-93C3-791FB5E81771} = {E27CA571-ADBA-4233-9206-BC656D2690F5}
	EndGlobalSection
	GlobalSection(ExtensibilityGlobals) = postSolution
		SolutionGuid = {615978A1-C761-45B3-9EC7-D492CE5BFED6}
	EndGlobalSection
EndGlobal
