
Microsoft Visual Studio Solution File, Format Version 12.00
# Visual Studio 15
VisualStudioVersion = 15.0.27703.2042
MinimumVisualStudioVersion = 10.0.40219.1
Project("{9A19103F-16F7-4668-BE54-9A1E7A4F7556}") = "TheHiProgram", "TheHiProgram\TheHiProgram.csproj", "{139B261D-942E-4ED0-8A27-57A1F07A0C4F}"
EndProject
Project("{9A19103F-16F7-4668-BE54-9A1E7A4F7556}") = "AgeAfter10Years", "AgeAfter10Years\AgeAfter10Years.csproj", "{FBA3BF62-96E4-4850-B7C8-4D00E56264A3}"
EndProject
Project("{2150E333-8FDC-42A3-9474-1A3956D46DE8}") = "week2", "week2", "{FEF1D7BC-731D-4C4B-90C4-79521112A154}"
EndProject
Project("{9A19103F-16F7-4668-BE54-9A1E7A4F7556}") = "Travel2TheSunWithSound", "Travel2TheSunWithSound\Travel2TheSunWithSound.csproj", "{B02E54E9-ED55-41AC-82BD-AADF203A1FDE}"
EndProject
Project("{FAE04EC0-301F-11D3-BF4B-00C04F79EFBC}") = "MyUniqueNumber", "MyUniqueNumber\MyUniqueNumber.csproj", "{2979CF6B-15D8-4051-8AE9-73FAEC4E652A}"
EndProject
Global
	GlobalSection(SolutionConfigurationPlatforms) = preSolution
		Debug|Any CPU = Debug|Any CPU
		Release|Any CPU = Release|Any CPU
	EndGlobalSection
	GlobalSection(ProjectConfigurationPlatforms) = postSolution
		{139B261D-942E-4ED0-8A27-57A1F07A0C4F}.Debug|Any CPU.ActiveCfg = Debug|Any CPU
		{139B261D-942E-4ED0-8A27-57A1F07A0C4F}.Debug|Any CPU.Build.0 = Debug|Any CPU
		{139B261D-942E-4ED0-8A27-57A1F07A0C4F}.Release|Any CPU.ActiveCfg = Release|Any CPU
		{139B261D-942E-4ED0-8A27-57A1F07A0C4F}.Release|Any CPU.Build.0 = Release|Any CPU
		{FBA3BF62-96E4-4850-B7C8-4D00E56264A3}.Debug|Any CPU.ActiveCfg = Debug|Any CPU
		{FBA3BF62-96E4-4850-B7C8-4D00E56264A3}.Debug|Any CPU.Build.0 = Debug|Any CPU
		{FBA3BF62-96E4-4850-B7C8-4D00E56264A3}.Release|Any CPU.ActiveCfg = Release|Any CPU
		{FBA3BF62-96E4-4850-B7C8-4D00E56264A3}.Release|Any CPU.Build.0 = Release|Any CPU
		{B02E54E9-ED55-41AC-82BD-AADF203A1FDE}.Debug|Any CPU.ActiveCfg = Debug|Any CPU
		{B02E54E9-ED55-41AC-82BD-AADF203A1FDE}.Debug|Any CPU.Build.0 = Debug|Any CPU
		{B02E54E9-ED55-41AC-82BD-AADF203A1FDE}.Release|Any CPU.ActiveCfg = Release|Any CPU
		{B02E54E9-ED55-41AC-82BD-AADF203A1FDE}.Release|Any CPU.Build.0 = Release|Any CPU
		{2979CF6B-15D8-4051-8AE9-73FAEC4E652A}.Debug|Any CPU.ActiveCfg = Debug|Any CPU
		{2979CF6B-15D8-4051-8AE9-73FAEC4E652A}.Debug|Any CPU.Build.0 = Debug|Any CPU
		{2979CF6B-15D8-4051-8AE9-73FAEC4E652A}.Release|Any CPU.ActiveCfg = Release|Any CPU
		{2979CF6B-15D8-4051-8AE9-73FAEC4E652A}.Release|Any CPU.Build.0 = Release|Any CPU
	EndGlobalSection
	GlobalSection(SolutionProperties) = preSolution
		HideSolutionNode = FALSE
	EndGlobalSection
	GlobalSection(NestedProjects) = preSolution
		{B02E54E9-ED55-41AC-82BD-AADF203A1FDE} = {FEF1D7BC-731D-4C4B-90C4-79521112A154}
	EndGlobalSection
	GlobalSection(ExtensibilityGlobals) = postSolution
		SolutionGuid = {615978A1-C761-45B3-9EC7-D492CE5BFED6}
	EndGlobalSection
EndGlobal
